
Microsoft Visual Studio Solution File, Format Version 12.00
# Visual Studio Version 16
VisualStudioVersion = 16.0.29920.165
MinimumVisualStudioVersion = 10.0.40219.1
Project("{FAE04EC0-301F-11D3-BF4B-00C04F79EFBC}") = "ProyectoFinalU1_ArregloLetras", "ProyectoFinalU1_ArregloLetras\ProyectoFinalU1_ArregloLetras.csproj", "{127476E0-8BFF-4F0C-A02B-5F4905157E75}"
EndProject
Global
	GlobalSection(SolutionConfigurationPlatforms) = preSolution
		Debug|Any CPU = Debug|Any CPU
		Release|Any CPU = Release|Any CPU
	EndGlobalSection
	GlobalSection(ProjectConfigurationPlatforms) = postSolution
		{127476E0-8BFF-4F0C-A02B-5F4905157E75}.Debug|Any CPU.ActiveCfg = Debug|Any CPU
		{127476E0-8BFF-4F0C-A02B-5F4905157E75}.Debug|Any CPU.Build.0 = Debug|Any CPU
		{127476E0-8BFF-4F0C-A02B-5F4905157E75}.Release|Any CPU.ActiveCfg = Release|Any CPU
		{127476E0-8BFF-4F0C-A02B-5F4905157E75}.Release|Any CPU.Build.0 = Release|Any CPU
	EndGlobalSection
	GlobalSection(SolutionProperties) = preSolution
		HideSolutionNode = FALSE
	EndGlobalSection
	GlobalSection(ExtensibilityGlobals) = postSolution
		SolutionGuid = {AE7BB1F0-C4B9-4342-A923-5AB4930ABE03}
	EndGlobalSection
EndGlobal
